
Microsoft Visual Studio Solution File, Format Version 12.00
# Visual Studio Version 16
VisualStudioVersion = 16.0.30717.126
MinimumVisualStudioVersion = 10.0.40219.1
Project("{2150E333-8FDC-42A3-9474-1A3956D46DE8}") = "src", "src", "{3FA8D067-CD9F-4564-B690-6A2C166C51FD}"
EndProject
Project("{2150E333-8FDC-42A3-9474-1A3956D46DE8}") = "test", "test", "{77B87DA4-8A50-4C27-805F-4503F1E82A27}"
EndProject
Project("{2150E333-8FDC-42A3-9474-1A3956D46DE8}") = "App", "App", "{A574F207-87B6-4BF9-92E0-C74AA30C1BAE}"
EndProject
Project("{2150E333-8FDC-42A3-9474-1A3956D46DE8}") = "Core", "Core", "{3192055A-071E-4242-AE5A-D615AE790052}"
EndProject
Project("{FAE04EC0-301F-11D3-BF4B-00C04F79EFBC}") = "FuelTrack.UWP", "src\App\FuelTrack.UWP\FuelTrack.UWP.csproj", "{0A7ED773-4857-456F-BF70-BDAB750A5D62}"
EndProject
Project("{FAE04EC0-301F-11D3-BF4B-00C04F79EFBC}") = "FuelTrack.Android", "src\App\FuelTrack.Android\FuelTrack.Android.csproj", "{8B7375CD-A920-4ABC-AB47-3FE33ED410C9}"
EndProject
Project("{FAE04EC0-301F-11D3-BF4B-00C04F79EFBC}") = "FuelTrack.iOS", "src\App\FuelTrack.iOS\FuelTrack.iOS.csproj", "{0C9C2518-9FF0-4B74-8966-34BC51794902}"
EndProject
Project("{FAE04EC0-301F-11D3-BF4B-00C04F79EFBC}") = "FuelTrack", "src\App\FuelTrack\FuelTrack.csproj", "{CE080120-01FC-4EBD-BFF2-9F747074F752}"
EndProject
Project("{FAE04EC0-301F-11D3-BF4B-00C04F79EFBC}") = "FuelTrack.Domain", "src\Core\FuelTrack.Domain\FuelTrack.Domain.csproj", "{19EB3143-D339-439C-A575-8A4464152E9E}"
EndProject
Project("{FAE04EC0-301F-11D3-BF4B-00C04F79EFBC}") = "FuelTrack.Data", "src\Core\FuelTrack.Data\FuelTrack.Data.csproj", "{C878429C-E348-4F59-A58A-F0C950DD7FD7}"
EndProject
Project("{FAE04EC0-301F-11D3-BF4B-00C04F79EFBC}") = "FuelTrack.UseCases", "src\Core\FuelTrack.UseCases\FuelTrack.UseCases.csproj", "{65FD53CE-CF1E-40FD-893C-7B6396AD5B03}"
EndProject
Global
	GlobalSection(SolutionConfigurationPlatforms) = preSolution
		Debug|Any CPU = Debug|Any CPU
		Debug|ARM = Debug|ARM
		Debug|iPhone = Debug|iPhone
		Debug|iPhoneSimulator = Debug|iPhoneSimulator
		Debug|x64 = Debug|x64
		Debug|x86 = Debug|x86
		Release|Any CPU = Release|Any CPU
		Release|ARM = Release|ARM
		Release|iPhone = Release|iPhone
		Release|iPhoneSimulator = Release|iPhoneSimulator
		Release|x64 = Release|x64
		Release|x86 = Release|x86
	EndGlobalSection
	GlobalSection(ProjectConfigurationPlatforms) = postSolution
		{0A7ED773-4857-456F-BF70-BDAB750A5D62}.Debug|Any CPU.ActiveCfg = Debug|x86
		{0A7ED773-4857-456F-BF70-BDAB750A5D62}.Debug|Any CPU.Build.0 = Debug|x86
		{0A7ED773-4857-456F-BF70-BDAB750A5D62}.Debug|Any CPU.Deploy.0 = Debug|x86
		{0A7ED773-4857-456F-BF70-BDAB750A5D62}.Debug|ARM.ActiveCfg = Debug|ARM
		{0A7ED773-4857-456F-BF70-BDAB750A5D62}.Debug|ARM.Build.0 = Debug|ARM
		{0A7ED773-4857-456F-BF70-BDAB750A5D62}.Debug|ARM.Deploy.0 = Debug|ARM
		{0A7ED773-4857-456F-BF70-BDAB750A5D62}.Debug|iPhone.ActiveCfg = Debug|x86
		{0A7ED773-4857-456F-BF70-BDAB750A5D62}.Debug|iPhone.Build.0 = Debug|x86
		{0A7ED773-4857-456F-BF70-BDAB750A5D62}.Debug|iPhone.Deploy.0 = Debug|x86
		{0A7ED773-4857-456F-BF70-BDAB750A5D62}.Debug|iPhoneSimulator.ActiveCfg = Debug|x86
		{0A7ED773-4857-456F-BF70-BDAB750A5D62}.Debug|iPhoneSimulator.Build.0 = Debug|x86
		{0A7ED773-4857-456F-BF70-BDAB750A5D62}.Debug|iPhoneSimulator.Deploy.0 = Debug|x86
		{0A7ED773-4857-456F-BF70-BDAB750A5D62}.Debug|x64.ActiveCfg = Debug|x64
		{0A7ED773-4857-456F-BF70-BDAB750A5D62}.Debug|x64.Build.0 = Debug|x64
		{0A7ED773-4857-456F-BF70-BDAB750A5D62}.Debug|x64.Deploy.0 = Debug|x64
		{0A7ED773-4857-456F-BF70-BDAB750A5D62}.Debug|x86.ActiveCfg = Debug|x86
		{0A7ED773-4857-456F-BF70-BDAB750A5D62}.Debug|x86.Build.0 = Debug|x86
		{0A7ED773-4857-456F-BF70-BDAB750A5D62}.Debug|x86.Deploy.0 = Debug|x86
		{0A7ED773-4857-456F-BF70-BDAB750A5D62}.Release|Any CPU.ActiveCfg = Release|x86
		{0A7ED773-4857-456F-BF70-BDAB750A5D62}.Release|Any CPU.Build.0 = Release|x86
		{0A7ED773-4857-456F-BF70-BDAB750A5D62}.Release|Any CPU.Deploy.0 = Release|x86
		{0A7ED773-4857-456F-BF70-BDAB750A5D62}.Release|ARM.ActiveCfg = Release|ARM
		{0A7ED773-4857-456F-BF70-BDAB750A5D62}.Release|ARM.Build.0 = Release|ARM
		{0A7ED773-4857-456F-BF70-BDAB750A5D62}.Release|ARM.Deploy.0 = Release|ARM
		{0A7ED773-4857-456F-BF70-BDAB750A5D62}.Release|iPhone.ActiveCfg = Release|x86
		{0A7ED773-4857-456F-BF70-BDAB750A5D62}.Release|iPhone.Build.0 = Release|x86
		{0A7ED773-4857-456F-BF70-BDAB750A5D62}.Release|iPhone.Deploy.0 = Release|x86
		{0A7ED773-4857-456F-BF70-BDAB750A5D62}.Release|iPhoneSimulator.ActiveCfg = Release|x86
		{0A7ED773-4857-456F-BF70-BDAB750A5D62}.Release|iPhoneSimulator.Build.0 = Release|x86
		{0A7ED773-4857-456F-BF70-BDAB750A5D62}.Release|iPhoneSimulator.Deploy.0 = Release|x86
		{0A7ED773-4857-456F-BF70-BDAB750A5D62}.Release|x64.ActiveCfg = Release|x64
		{0A7ED773-4857-456F-BF70-BDAB750A5D62}.Release|x64.Build.0 = Release|x64
		{0A7ED773-4857-456F-BF70-BDAB750A5D62}.Release|x64.Deploy.0 = Release|x64
		{0A7ED773-4857-456F-BF70-BDAB750A5D62}.Release|x86.ActiveCfg = Release|x86
		{0A7ED773-4857-456F-BF70-BDAB750A5D62}.Release|x86.Build.0 = Release|x86
		{0A7ED773-4857-456F-BF70-BDAB750A5D62}.Release|x86.Deploy.0 = Release|x86
		{8B7375CD-A920-4ABC-AB47-3FE33ED410C9}.Debug|Any CPU.ActiveCfg = Debug|Any CPU
		{8B7375CD-A920-4ABC-AB47-3FE33ED410C9}.Debug|Any CPU.Build.0 = Debug|Any CPU
		{8B7375CD-A920-4ABC-AB47-3FE33ED410C9}.Debug|Any CPU.Deploy.0 = Debug|Any CPU
		{8B7375CD-A920-4ABC-AB47-3FE33ED410C9}.Debug|ARM.ActiveCfg = Debug|Any CPU
		{8B7375CD-A920-4ABC-AB47-3FE33ED410C9}.Debug|ARM.Build.0 = Debug|Any CPU
		{8B7375CD-A920-4ABC-AB47-3FE33ED410C9}.Debug|ARM.Deploy.0 = Debug|Any CPU
		{8B7375CD-A920-4ABC-AB47-3FE33ED410C9}.Debug|iPhone.ActiveCfg = Debug|Any CPU
		{8B7375CD-A920-4ABC-AB47-3FE33ED410C9}.Debug|iPhone.Build.0 = Debug|Any CPU
		{8B7375CD-A920-4ABC-AB47-3FE33ED410C9}.Debug|iPhone.Deploy.0 = Debug|Any CPU
		{8B7375CD-A920-4ABC-AB47-3FE33ED410C9}.Debug|iPhoneSimulator.ActiveCfg = Debug|Any CPU
		{8B7375CD-A920-4ABC-AB47-3FE33ED410C9}.Debug|iPhoneSimulator.Build.0 = Debug|Any CPU
		{8B7375CD-A920-4ABC-AB47-3FE33ED410C9}.Debug|iPhoneSimulator.Deploy.0 = Debug|Any CPU
		{8B7375CD-A920-4ABC-AB47-3FE33ED410C9}.Debug|x64.ActiveCfg = Debug|Any CPU
		{8B7375CD-A920-4ABC-AB47-3FE33ED410C9}.Debug|x64.Build.0 = Debug|Any CPU
		{8B7375CD-A920-4ABC-AB47-3FE33ED410C9}.Debug|x64.Deploy.0 = Debug|Any CPU
		{8B7375CD-A920-4ABC-AB47-3FE33ED410C9}.Debug|x86.ActiveCfg = Debug|Any CPU
		{8B7375CD-A920-4ABC-AB47-3FE33ED410C9}.Debug|x86.Build.0 = Debug|Any CPU
		{8B7375CD-A920-4ABC-AB47-3FE33ED410C9}.Debug|x86.Deploy.0 = Debug|Any CPU
		{8B7375CD-A920-4ABC-AB47-3FE33ED410C9}.Release|Any CPU.ActiveCfg = Release|Any CPU
		{8B7375CD-A920-4ABC-AB47-3FE33ED410C9}.Release|Any CPU.Build.0 = Release|Any CPU
		{8B7375CD-A920-4ABC-AB47-3FE33ED410C9}.Release|Any CPU.Deploy.0 = Release|Any CPU
		{8B7375CD-A920-4ABC-AB47-3FE33ED410C9}.Release|ARM.ActiveCfg = Release|Any CPU
		{8B7375CD-A920-4ABC-AB47-3FE33ED410C9}.Release|ARM.Build.0 = Release|Any CPU
		{8B7375CD-A920-4ABC-AB47-3FE33ED410C9}.Release|ARM.Deploy.0 = Release|Any CPU
		{8B7375CD-A920-4ABC-AB47-3FE33ED410C9}.Release|iPhone.ActiveCfg = Release|Any CPU
		{8B7375CD-A920-4ABC-AB47-3FE33ED410C9}.Release|iPhone.Build.0 = Release|Any CPU
		{8B7375CD-A920-4ABC-AB47-3FE33ED410C9}.Release|iPhone.Deploy.0 = Release|Any CPU
		{8B7375CD-A920-4ABC-AB47-3FE33ED410C9}.Release|iPhoneSimulator.ActiveCfg = Release|Any CPU
		{8B7375CD-A920-4ABC-AB47-3FE33ED410C9}.Release|iPhoneSimulator.Build.0 = Release|Any CPU
		{8B7375CD-A920-4ABC-AB47-3FE33ED410C9}.Release|iPhoneSimulator.Deploy.0 = Release|Any CPU
		{8B7375CD-A920-4ABC-AB47-3FE33ED410C9}.Release|x64.ActiveCfg = Release|Any CPU
		{8B7375CD-A920-4ABC-AB47-3FE33ED410C9}.Release|x64.Build.0 = Release|Any CPU
		{8B7375CD-A920-4ABC-AB47-3FE33ED410C9}.Release|x64.Deploy.0 = Release|Any CPU
		{8B7375CD-A920-4ABC-AB47-3FE33ED410C9}.Release|x86.ActiveCfg = Release|Any CPU
		{8B7375CD-A920-4ABC-AB47-3FE33ED410C9}.Release|x86.Build.0 = Release|Any CPU
		{8B7375CD-A920-4ABC-AB47-3FE33ED410C9}.Release|x86.Deploy.0 = Release|Any CPU
		{0C9C2518-9FF0-4B74-8966-34BC51794902}.Debug|Any CPU.ActiveCfg = Debug|iPhoneSimulator
		{0C9C2518-9FF0-4B74-8966-34BC51794902}.Debug|Any CPU.Build.0 = Debug|iPhoneSimulator
		{0C9C2518-9FF0-4B74-8966-34BC51794902}.Debug|Any CPU.Deploy.0 = Debug|iPhoneSimulator
		{0C9C2518-9FF0-4B74-8966-34BC51794902}.Debug|ARM.ActiveCfg = Debug|iPhone
		{0C9C2518-9FF0-4B74-8966-34BC51794902}.Debug|ARM.Build.0 = Debug|iPhone
		{0C9C2518-9FF0-4B74-8966-34BC51794902}.Debug|ARM.Deploy.0 = Debug|iPhone
		{0C9C2518-9FF0-4B74-8966-34BC51794902}.Debug|iPhone.ActiveCfg = Debug|iPhone
		{0C9C2518-9FF0-4B74-8966-34BC51794902}.Debug|iPhone.Build.0 = Debug|iPhone
		{0C9C2518-9FF0-4B74-8966-34BC51794902}.Debug|iPhone.Deploy.0 = Debug|iPhone
		{0C9C2518-9FF0-4B74-8966-34BC51794902}.Debug|iPhoneSimulator.ActiveCfg = Debug|iPhoneSimulator
		{0C9C2518-9FF0-4B74-8966-34BC51794902}.Debug|iPhoneSimulator.Build.0 = Debug|iPhoneSimulator
		{0C9C2518-9FF0-4B74-8966-34BC51794902}.Debug|iPhoneSimulator.Deploy.0 = Debug|iPhoneSimulator
		{0C9C2518-9FF0-4B74-8966-34BC51794902}.Debug|x64.ActiveCfg = Debug|iPhoneSimulator
		{0C9C2518-9FF0-4B74-8966-34BC51794902}.Debug|x64.Build.0 = Debug|iPhoneSimulator
		{0C9C2518-9FF0-4B74-8966-34BC51794902}.Debug|x64.Deploy.0 = Debug|iPhoneSimulator
		{0C9C2518-9FF0-4B74-8966-34BC51794902}.Debug|x86.ActiveCfg = Debug|iPhoneSimulator
		{0C9C2518-9FF0-4B74-8966-34BC51794902}.Debug|x86.Build.0 = Debug|iPhoneSimulator
		{0C9C2518-9FF0-4B74-8966-34BC51794902}.Debug|x86.Deploy.0 = Debug|iPhoneSimulator
		{0C9C2518-9FF0-4B74-8966-34BC51794902}.Release|Any CPU.ActiveCfg = Release|iPhoneSimulator
		{0C9C2518-9FF0-4B74-8966-34BC51794902}.Release|Any CPU.Build.0 = Release|iPhoneSimulator
		{0C9C2518-9FF0-4B74-8966-34BC51794902}.Release|Any CPU.Deploy.0 = Release|iPhoneSimulator
		{0C9C2518-9FF0-4B74-8966-34BC51794902}.Release|ARM.ActiveCfg = Release|iPhoneSimulator
		{0C9C2518-9FF0-4B74-8966-34BC51794902}.Release|ARM.Build.0 = Release|iPhoneSimulator
		{0C9C2518-9FF0-4B74-8966-34BC51794902}.Release|ARM.Deploy.0 = Release|iPhoneSimulator
		{0C9C2518-9FF0-4B74-8966-34BC51794902}.Release|iPhone.ActiveCfg = Release|iPhone
		{0C9C2518-9FF0-4B74-8966-34BC51794902}.Release|iPhone.Build.0 = Release|iPhone
		{0C9C2518-9FF0-4B74-8966-34BC51794902}.Release|iPhone.Deploy.0 = Release|iPhone
		{0C9C2518-9FF0-4B74-8966-34BC51794902}.Release|iPhoneSimulator.ActiveCfg = Release|iPhoneSimulator
		{0C9C2518-9FF0-4B74-8966-34BC51794902}.Release|iPhoneSimulator.Build.0 = Release|iPhoneSimulator
		{0C9C2518-9FF0-4B74-8966-34BC51794902}.Release|iPhoneSimulator.Deploy.0 = Release|iPhoneSimulator
		{0C9C2518-9FF0-4B74-8966-34BC51794902}.Release|x64.ActiveCfg = Release|iPhoneSimulator
		{0C9C2518-9FF0-4B74-8966-34BC51794902}.Release|x64.Build.0 = Release|iPhoneSimulator
		{0C9C2518-9FF0-4B74-8966-34BC51794902}.Release|x64.Deploy.0 = Release|iPhoneSimulator
		{0C9C2518-9FF0-4B74-8966-34BC51794902}.Release|x86.ActiveCfg = Release|iPhoneSimulator
		{0C9C2518-9FF0-4B74-8966-34BC51794902}.Release|x86.Build.0 = Release|iPhoneSimulator
		{0C9C2518-9FF0-4B74-8966-34BC51794902}.Release|x86.Deploy.0 = Release|iPhoneSimulator
		{CE080120-01FC-4EBD-BFF2-9F747074F752}.Debug|Any CPU.ActiveCfg = Debug|Any CPU
		{CE080120-01FC-4EBD-BFF2-9F747074F752}.Debug|Any CPU.Build.0 = Debug|Any CPU
		{CE080120-01FC-4EBD-BFF2-9F747074F752}.Debug|Any CPU.Deploy.0 = Debug|Any CPU
		{CE080120-01FC-4EBD-BFF2-9F747074F752}.Debug|ARM.ActiveCfg = Debug|Any CPU
		{CE080120-01FC-4EBD-BFF2-9F747074F752}.Debug|ARM.Build.0 = Debug|Any CPU
		{CE080120-01FC-4EBD-BFF2-9F747074F752}.Debug|ARM.Deploy.0 = Debug|Any CPU
		{CE080120-01FC-4EBD-BFF2-9F747074F752}.Debug|iPhone.ActiveCfg = Debug|Any CPU
		{CE080120-01FC-4EBD-BFF2-9F747074F752}.Debug|iPhone.Build.0 = Debug|Any CPU
		{CE080120-01FC-4EBD-BFF2-9F747074F752}.Debug|iPhone.Deploy.0 = Debug|Any CPU
		{CE080120-01FC-4EBD-BFF2-9F747074F752}.Debug|iPhoneSimulator.ActiveCfg = Debug|Any CPU
		{CE080120-01FC-4EBD-BFF2-9F747074F752}.Debug|iPhoneSimulator.Build.0 = Debug|Any CPU
		{CE080120-01FC-4EBD-BFF2-9F747074F752}.Debug|iPhoneSimulator.Deploy.0 = Debug|Any CPU
		{CE080120-01FC-4EBD-BFF2-9F747074F752}.Debug|x64.ActiveCfg = Debug|Any CPU
		{CE080120-01FC-4EBD-BFF2-9F747074F752}.Debug|x64.Build.0 = Debug|Any CPU
		{CE080120-01FC-4EBD-BFF2-9F747074F752}.Debug|x64.Deploy.0 = Debug|Any CPU
		{CE080120-01FC-4EBD-BFF2-9F747074F752}.Debug|x86.ActiveCfg = Debug|Any CPU
		{CE080120-01FC-4EBD-BFF2-9F747074F752}.Debug|x86.Build.0 = Debug|Any CPU
		{CE080120-01FC-4EBD-BFF2-9F747074F752}.Debug|x86.Deploy.0 = Debug|Any CPU
		{CE080120-01FC-4EBD-BFF2-9F747074F752}.Release|Any CPU.ActiveCfg = Release|Any CPU
		{CE080120-01FC-4EBD-BFF2-9F747074F752}.Release|Any CPU.Build.0 = Release|Any CPU
		{CE080120-01FC-4EBD-BFF2-9F747074F752}.Release|Any CPU.Deploy.0 = Release|Any CPU
		{CE080120-01FC-4EBD-BFF2-9F747074F752}.Release|ARM.ActiveCfg = Release|Any CPU
		{CE080120-01FC-4EBD-BFF2-9F747074F752}.Release|ARM.Build.0 = Release|Any CPU
		{CE080120-01FC-4EBD-BFF2-9F747074F752}.Release|ARM.Deploy.0 = Release|Any CPU
		{CE080120-01FC-4EBD-BFF2-9F747074F752}.Release|iPhone.ActiveCfg = Release|Any CPU
		{CE080120-01FC-4EBD-BFF2-9F747074F752}.Release|iPhone.Build.0 = Release|Any CPU
		{CE080120-01FC-4EBD-BFF2-9F747074F752}.Release|iPhone.Deploy.0 = Release|Any CPU
		{CE080120-01FC-4EBD-BFF2-9F747074F752}.Release|iPhoneSimulator.ActiveCfg = Release|Any CPU
		{CE080120-01FC-4EBD-BFF2-9F747074F752}.Release|iPhoneSimulator.Build.0 = Release|Any CPU
		{CE080120-01FC-4EBD-BFF2-9F747074F752}.Release|iPhoneSimulator.Deploy.0 = Release|Any CPU
		{CE080120-01FC-4EBD-BFF2-9F747074F752}.Release|x64.ActiveCfg = Release|Any CPU
		{CE080120-01FC-4EBD-BFF2-9F747074F752}.Release|x64.Build.0 = Release|Any CPU
		{CE080120-01FC-4EBD-BFF2-9F747074F752}.Release|x64.Deploy.0 = Release|Any CPU
		{CE080120-01FC-4EBD-BFF2-9F747074F752}.Release|x86.ActiveCfg = Release|Any CPU
		{CE080120-01FC-4EBD-BFF2-9F747074F752}.Release|x86.Build.0 = Release|Any CPU
		{CE080120-01FC-4EBD-BFF2-9F747074F752}.Release|x86.Deploy.0 = Release|Any CPU
		{19EB3143-D339-439C-A575-8A4464152E9E}.Debug|Any CPU.ActiveCfg = Debug|Any CPU
		{19EB3143-D339-439C-A575-8A4464152E9E}.Debug|Any CPU.Build.0 = Debug|Any CPU
		{19EB3143-D339-439C-A575-8A4464152E9E}.Debug|ARM.ActiveCfg = Debug|Any CPU
		{19EB3143-D339-439C-A575-8A4464152E9E}.Debug|ARM.Build.0 = Debug|Any CPU
		{19EB3143-D339-439C-A575-8A4464152E9E}.Debug|iPhone.ActiveCfg = Debug|Any CPU
		{19EB3143-D339-439C-A575-8A4464152E9E}.Debug|iPhone.Build.0 = Debug|Any CPU
		{19EB3143-D339-439C-A575-8A4464152E9E}.Debug|iPhoneSimulator.ActiveCfg = Debug|Any CPU
		{19EB3143-D339-439C-A575-8A4464152E9E}.Debug|iPhoneSimulator.Build.0 = Debug|Any CPU
		{19EB3143-D339-439C-A575-8A4464152E9E}.Debug|x64.ActiveCfg = Debug|Any CPU
		{19EB3143-D339-439C-A575-8A4464152E9E}.Debug|x64.Build.0 = Debug|Any CPU
		{19EB3143-D339-439C-A575-8A4464152E9E}.Debug|x86.ActiveCfg = Debug|Any CPU
		{19EB3143-D339-439C-A575-8A4464152E9E}.Debug|x86.Build.0 = Debug|Any CPU
		{19EB3143-D339-439C-A575-8A4464152E9E}.Release|Any CPU.ActiveCfg = Release|Any CPU
		{19EB3143-D339-439C-A575-8A4464152E9E}.Release|Any CPU.Build.0 = Release|Any CPU
		{19EB3143-D339-439C-A575-8A4464152E9E}.Release|ARM.ActiveCfg = Release|Any CPU
		{19EB3143-D339-439C-A575-8A4464152E9E}.Release|ARM.Build.0 = Release|Any CPU
		{19EB3143-D339-439C-A575-8A4464152E9E}.Release|iPhone.ActiveCfg = Release|Any CPU
		{19EB3143-D339-439C-A575-8A4464152E9E}.Release|iPhone.Build.0 = Release|Any CPU
		{19EB3143-D339-439C-A575-8A4464152E9E}.Release|iPhoneSimulator.ActiveCfg = Release|Any CPU
		{19EB3143-D339-439C-A575-8A4464152E9E}.Release|iPhoneSimulator.Build.0 = Release|Any CPU
		{19EB3143-D339-439C-A575-8A4464152E9E}.Release|x64.ActiveCfg = Release|Any CPU
		{19EB3143-D339-439C-A575-8A4464152E9E}.Release|x64.Build.0 = Release|Any CPU
		{19EB3143-D339-439C-A575-8A4464152E9E}.Release|x86.ActiveCfg = Release|Any CPU
		{19EB3143-D339-439C-A575-8A4464152E9E}.Release|x86.Build.0 = Release|Any CPU
		{C878429C-E348-4F59-A58A-F0C950DD7FD7}.Debug|Any CPU.ActiveCfg = Debug|Any CPU
		{C878429C-E348-4F59-A58A-F0C950DD7FD7}.Debug|Any CPU.Build.0 = Debug|Any CPU
		{C878429C-E348-4F59-A58A-F0C950DD7FD7}.Debug|ARM.ActiveCfg = Debug|Any CPU
		{C878429C-E348-4F59-A58A-F0C950DD7FD7}.Debug|ARM.Build.0 = Debug|Any CPU
		{C878429C-E348-4F59-A58A-F0C950DD7FD7}.Debug|iPhone.ActiveCfg = Debug|Any CPU
		{C878429C-E348-4F59-A58A-F0C950DD7FD7}.Debug|iPhone.Build.0 = Debug|Any CPU
		{C878429C-E348-4F59-A58A-F0C950DD7FD7}.Debug|iPhoneSimulator.ActiveCfg = Debug|Any CPU
		{C878429C-E348-4F59-A58A-F0C950DD7FD7}.Debug|iPhoneSimulator.Build.0 = Debug|Any CPU
		{C878429C-E348-4F59-A58A-F0C950DD7FD7}.Debug|x64.ActiveCfg = Debug|Any CPU
		{C878429C-E348-4F59-A58A-F0C950DD7FD7}.Debug|x64.Build.0 = Debug|Any CPU
		{C878429C-E348-4F59-A58A-F0C950DD7FD7}.Debug|x86.ActiveCfg = Debug|Any CPU
		{C878429C-E348-4F59-A58A-F0C950DD7FD7}.Debug|x86.Build.0 = Debug|Any CPU
		{C878429C-E348-4F59-A58A-F0C950DD7FD7}.Release|Any CPU.ActiveCfg = Release|Any CPU
		{C878429C-E348-4F59-A58A-F0C950DD7FD7}.Release|Any CPU.Build.0 = Release|Any CPU
		{C878429C-E348-4F59-A58A-F0C950DD7FD7}.Release|ARM.ActiveCfg = Release|Any CPU
		{C878429C-E348-4F59-A58A-F0C950DD7FD7}.Release|ARM.Build.0 = Release|Any CPU
		{C878429C-E348-4F59-A58A-F0C950DD7FD7}.Release|iPhone.ActiveCfg = Release|Any CPU
		{C878429C-E348-4F59-A58A-F0C950DD7FD7}.Release|iPhone.Build.0 = Release|Any CPU
		{C878429C-E348-4F59-A58A-F0C950DD7FD7}.Release|iPhoneSimulator.ActiveCfg = Release|Any CPU
		{C878429C-E348-4F59-A58A-F0C950DD7FD7}.Release|iPhoneSimulator.Build.0 = Release|Any CPU
		{C878429C-E348-4F59-A58A-F0C950DD7FD7}.Release|x64.ActiveCfg = Release|Any CPU
		{C878429C-E348-4F59-A58A-F0C950DD7FD7}.Release|x64.Build.0 = Release|Any CPU
		{C878429C-E348-4F59-A58A-F0C950DD7FD7}.Release|x86.ActiveCfg = Release|Any CPU
		{C878429C-E348-4F59-A58A-F0C950DD7FD7}.Release|x86.Build.0 = Release|Any CPU
		{65FD53CE-CF1E-40FD-893C-7B6396AD5B03}.Debug|Any CPU.ActiveCfg = Debug|Any CPU
		{65FD53CE-CF1E-40FD-893C-7B6396AD5B03}.Debug|Any CPU.Build.0 = Debug|Any CPU
		{65FD53CE-CF1E-40FD-893C-7B6396AD5B03}.Debug|ARM.ActiveCfg = Debug|Any CPU
		{65FD53CE-CF1E-40FD-893C-7B6396AD5B03}.Debug|ARM.Build.0 = Debug|Any CPU
		{65FD53CE-CF1E-40FD-893C-7B6396AD5B03}.Debug|iPhone.ActiveCfg = Debug|Any CPU
		{65FD53CE-CF1E-40FD-893C-7B6396AD5B03}.Debug|iPhone.Build.0 = Debug|Any CPU
		{65FD53CE-CF1E-40FD-893C-7B6396AD5B03}.Debug|iPhoneSimulator.ActiveCfg = Debug|Any CPU
		{65FD53CE-CF1E-40FD-893C-7B6396AD5B03}.Debug|iPhoneSimulator.Build.0 = Debug|Any CPU
		{65FD53CE-CF1E-40FD-893C-7B6396AD5B03}.Debug|x64.ActiveCfg = Debug|Any CPU
		{65FD53CE-CF1E-40FD-893C-7B6396AD5B03}.Debug|x64.Build.0 = Debug|Any CPU
		{65FD53CE-CF1E-40FD-893C-7B6396AD5B03}.Debug|x86.ActiveCfg = Debug|Any CPU
		{65FD53CE-CF1E-40FD-893C-7B6396AD5B03}.Debug|x86.Build.0 = Debug|Any CPU
		{65FD53CE-CF1E-40FD-893C-7B6396AD5B03}.Release|Any CPU.ActiveCfg = Release|Any CPU
		{65FD53CE-CF1E-40FD-893C-7B6396AD5B03}.Release|Any CPU.Build.0 = Release|Any CPU
		{65FD53CE-CF1E-40FD-893C-7B6396AD5B03}.Release|ARM.ActiveCfg = Release|Any CPU
		{65FD53CE-CF1E-40FD-893C-7B6396AD5B03}.Release|ARM.Build.0 = Release|Any CPU
		{65FD53CE-CF1E-40FD-893C-7B6396AD5B03}.Release|iPhone.ActiveCfg = Release|Any CPU
		{65FD53CE-CF1E-40FD-893C-7B6396AD5B03}.Release|iPhone.Build.0 = Release|Any CPU
		{65FD53CE-CF1E-40FD-893C-7B6396AD5B03}.Release|iPhoneSimulator.ActiveCfg = Release|Any CPU
		{65FD53CE-CF1E-40FD-893C-7B6396AD5B03}.Release|iPhoneSimulator.Build.0 = Release|Any CPU
		{65FD53CE-CF1E-40FD-893C-7B6396AD5B03}.Release|x64.ActiveCfg = Release|Any CPU
		{65FD53CE-CF1E-40FD-893C-7B6396AD5B03}.Release|x64.Build.0 = Release|Any CPU
		{65FD53CE-CF1E-40FD-893C-7B6396AD5B03}.Release|x86.ActiveCfg = Release|Any CPU
		{65FD53CE-CF1E-40FD-893C-7B6396AD5B03}.Release|x86.Build.0 = Release|Any CPU
	EndGlobalSection
	GlobalSection(SolutionProperties) = preSolution
		HideSolutionNode = FALSE
	EndGlobalSection
	GlobalSection(NestedProjects) = preSolution
		{0A7ED773-4857-456F-BF70-BDAB750A5D62} = {A574F207-87B6-4BF9-92E0-C74AA30C1BAE}
		{8B7375CD-A920-4ABC-AB47-3FE33ED410C9} = {A574F207-87B6-4BF9-92E0-C74AA30C1BAE}
		{0C9C2518-9FF0-4B74-8966-34BC51794902} = {A574F207-87B6-4BF9-92E0-C74AA30C1BAE}
		{CE080120-01FC-4EBD-BFF2-9F747074F752} = {A574F207-87B6-4BF9-92E0-C74AA30C1BAE}
		{A574F207-87B6-4BF9-92E0-C74AA30C1BAE} = {3FA8D067-CD9F-4564-B690-6A2C166C51FD}
		{3192055A-071E-4242-AE5A-D615AE790052} = {3FA8D067-CD9F-4564-B690-6A2C166C51FD}
		{19EB3143-D339-439C-A575-8A4464152E9E} = {3192055A-071E-4242-AE5A-D615AE790052}
		{C878429C-E348-4F59-A58A-F0C950DD7FD7} = {3192055A-071E-4242-AE5A-D615AE790052}
		{65FD53CE-CF1E-40FD-893C-7B6396AD5B03} = {3192055A-071E-4242-AE5A-D615AE790052}
	EndGlobalSection
	GlobalSection(ExtensibilityGlobals) = postSolution
		SolutionGuid = {2288242B-A265-49B7-A81D-144CB6FF6D90}
	EndGlobalSection
EndGlobal
